
Microsoft Visual Studio Solution File, Format Version 12.00
# Visual Studio Version 17
VisualStudioVersion = 17.13.35825.156
MinimumVisualStudioVersion = 10.0.40219.1
Project("{FAE04EC0-301F-11D3-BF4B-00C04F79EFBC}") = "Project_Manager_App", "..\..\..\Documents\Project_Manager_App\Project_Manager_App\Project_Manager_App.csproj", "{2C2E1CA3-C4EF-4577-B747-3EF1BEE0A83D}"
EndProject
Global
	GlobalSection(SolutionConfigurationPlatforms) = preSolution
		Debug|Any CPU = Debug|Any CPU
		Release|Any CPU = Release|Any CPU
	EndGlobalSection
	GlobalSection(ProjectConfigurationPlatforms) = postSolution
		{2C2E1CA3-C4EF-4577-B747-3EF1BEE0A83D}.Debug|Any CPU.ActiveCfg = Debug|Any CPU
		{2C2E1CA3-C4EF-4577-B747-3EF1BEE0A83D}.Debug|Any CPU.Build.0 = Debug|Any CPU
		{2C2E1CA3-C4EF-4577-B747-3EF1BEE0A83D}.Release|Any CPU.ActiveCfg = Release|Any CPU
		{2C2E1CA3-C4EF-4577-B747-3EF1BEE0A83D}.Release|Any CPU.Build.0 = Release|Any CPU
	EndGlobalSection
	GlobalSection(SolutionProperties) = preSolution
		HideSolutionNode = FALSE
	EndGlobalSection
	GlobalSection(ExtensibilityGlobals) = postSolution
		SolutionGuid = {91062B35-F97C-44B8-A9DA-FD447F1DB841}
	EndGlobalSection
EndGlobal
